{
  "originHash" : "5e5396c3188f7ee2113b5b8b8318b377930e3b5aaf5d7f406cf7744d33c1f06f",
  "pins" : [
    {
      "identity" : "kingfisher",
      "kind" : "remoteSourceControl",
      "location" : "https://github.com/onevcat/Kingfisher.git",
      "state" : {
        "revision" : "d30a5fad881137e2267f96a8e3fc35c58999bb94",
        "version" : "8.6.2"
      }
    },
    {
      "identity" : "union-chat-source",
      "kind" : "remoteSourceControl",
      "location" : "https://github.com/unionst/union-chat-source",
      "state" : {
        "revision" : "521e70dbc3d0deec5dc60280fb32b34545af38bc",
        "version" : "0.7.1-beta.21"
      }
    }
  ],
  "version" : 3
}
