{
  "originHash" : "d50076122aae955e744cf44a69920b7ce79e0ab80fa3ca84e8a3e6c624def20e",
  "pins" : [
    {
      "identity" : "kingfisher",
      "kind" : "remoteSourceControl",
      "location" : "https://github.com/onevcat/Kingfisher.git",
      "state" : {
        "revision" : "d30a5fad881137e2267f96a8e3fc35c58999bb94",
        "version" : "8.6.2"
      }
    },
    {
      "identity" : "union-chat-source",
      "kind" : "remoteSourceControl",
      "location" : "https://github.com/unionst/union-chat-source",
      "state" : {
        "revision" : "e9b35ca036954ef5eda9eaf976b1ccfd342a5302",
        "version" : "0.7.1-beta.23"
      }
    }
  ],
  "version" : 3
}
